{
  "name": "opencode-saas-kit",
  "version": "1.2.7",
  "lockfileVersion": 3,
  "requires": true,
  "packages": {
    "": {
      "name": "opencode-saas-kit",
      "version": "1.2.7",
      "license": "MIT",
      "bin": {
        "opencode-saas-kit": "bin/cli.js"
      },
      "engines": {
        "node": ">=18.0.0"
      }
    }
  }
}
